
Microsoft Visual Studio Solution File, Format Version 12.00
# Visual Studio Version 17
VisualStudioVersion = 17.14.36616.10
MinimumVisualStudioVersion = 10.0.40219.1
Project("{FAE04EC0-301F-11D3-BF4B-00C04F79EFBC}") = "P2_AP1_AngelGuerrero", "P2_AP1_AngelGuerrero\P2_AP1_AngelGuerrero.csproj", "{4D12FE5E-8105-4B3D-A18A-EA5DC15FECE8}"
EndProject
Global
	GlobalSection(SolutionConfigurationPlatforms) = preSolution
		Debug|Any CPU = Debug|Any CPU
		Release|Any CPU = Release|Any CPU
	EndGlobalSection
	GlobalSection(ProjectConfigurationPlatforms) = postSolution
		{4D12FE5E-8105-4B3D-A18A-EA5DC15FECE8}.Debug|Any CPU.ActiveCfg = Debug|Any CPU
		{4D12FE5E-8105-4B3D-A18A-EA5DC15FECE8}.Debug|Any CPU.Build.0 = Debug|Any CPU
		{4D12FE5E-8105-4B3D-A18A-EA5DC15FECE8}.Release|Any CPU.ActiveCfg = Release|Any CPU
		{4D12FE5E-8105-4B3D-A18A-EA5DC15FECE8}.Release|Any CPU.Build.0 = Release|Any CPU
	EndGlobalSection
	GlobalSection(SolutionProperties) = preSolution
		HideSolutionNode = FALSE
	EndGlobalSection
	GlobalSection(ExtensibilityGlobals) = postSolution
		SolutionGuid = {957B4F21-43F3-4833-9220-C431668882AA}
	EndGlobalSection
EndGlobal
